
Microsoft Visual Studio Solution File, Format Version 12.00
# Visual Studio Version 16
VisualStudioVersion = 16.0.32510.428
MinimumVisualStudioVersion = 10.0.40219.1
Project("{8BC9CEB8-8B4A-11D0-8D11-00A0C91BC942}") = "Hazel", "Hazel\Hazel.vcxproj", "{AD1A4D55-8307-47C5-B599-C7A592A06441}"
EndProject
Project("{8BC9CEB8-8B4A-11D0-8D11-00A0C91BC942}") = "Sandbox", "Sandbox\Sandbox.vcxproj", "{6FA7D96A-4FFF-4D26-9A4F-C331DE8E5F94}"
EndProject
Global
	GlobalSection(SolutionConfigurationPlatforms) = preSolution
		Debug|x64 = Debug|x64
		Release|x64 = Release|x64
	EndGlobalSection
	GlobalSection(ProjectConfigurationPlatforms) = postSolution
		{AD1A4D55-8307-47C5-B599-C7A592A06441}.Debug|x64.ActiveCfg = Debug|x64
		{AD1A4D55-8307-47C5-B599-C7A592A06441}.Debug|x64.Build.0 = Debug|x64
		{AD1A4D55-8307-47C5-B599-C7A592A06441}.Release|x64.ActiveCfg = Release|x64
		{AD1A4D55-8307-47C5-B599-C7A592A06441}.Release|x64.Build.0 = Release|x64
		{6FA7D96A-4FFF-4D26-9A4F-C331DE8E5F94}.Debug|x64.ActiveCfg = Debug|x64
		{6FA7D96A-4FFF-4D26-9A4F-C331DE8E5F94}.Debug|x64.Build.0 = Debug|x64
		{6FA7D96A-4FFF-4D26-9A4F-C331DE8E5F94}.Release|x64.ActiveCfg = Release|x64
		{6FA7D96A-4FFF-4D26-9A4F-C331DE8E5F94}.Release|x64.Build.0 = Release|x64
	EndGlobalSection
	GlobalSection(SolutionProperties) = preSolution
		HideSolutionNode = FALSE
	EndGlobalSection
	GlobalSection(ExtensibilityGlobals) = postSolution
		SolutionGuid = {397E7744-15F4-459A-AC22-85129DA1F98D}
	EndGlobalSection
EndGlobal
